
Microsoft Visual Studio Solution File, Format Version 12.00
# Visual Studio Version 16
VisualStudioVersion = 16.0.31025.194
MinimumVisualStudioVersion = 10.0.40219.1
Project("{8BC9CEB8-8B4A-11D0-8D11-00A0C91BC942}") = "2739", "2739\2739.vcxproj", "{CB2E53F7-FDD5-4C82-B0A1-6B35F208C546}"
EndProject
Project("{8BC9CEB8-8B4A-11D0-8D11-00A0C91BC942}") = "10950", "10950\10950.vcxproj", "{DE9D34CC-4619-4579-A588-0E0CFEFA8C94}"
EndProject
Project("{8BC9CEB8-8B4A-11D0-8D11-00A0C91BC942}") = "8393", "8393\8393.vcxproj", "{576D6193-C3A5-4C10-8200-A934A0D54830}"
EndProject
Project("{8BC9CEB8-8B4A-11D0-8D11-00A0C91BC942}") = "15552", "15552\15552.vcxproj", "{333D52BA-B231-4E46-9FD9-C76302AEB189}"
EndProject
Project("{8BC9CEB8-8B4A-11D0-8D11-00A0C91BC942}") = "2741", "2741\2741.vcxproj", "{FB17FAC6-FC8F-4B20-A0B7-4894F0CC1B8D}"
EndProject
Project("{8BC9CEB8-8B4A-11D0-8D11-00A0C91BC942}") = "11021", "11021\11021.vcxproj", "{E817A9D7-5E41-4DD3-A24D-CA1E6CBDA5F7}"
EndProject
Project("{8BC9CEB8-8B4A-11D0-8D11-00A0C91BC942}") = "2438", "2438\2438.vcxproj", "{D5C3E59D-A329-4C8E-9CA6-DDF9A72BB1D5}"
EndProject
Project("{8BC9CEB8-8B4A-11D0-8D11-00A0C91BC942}") = "2439", "2439\2439.vcxproj", "{7524AABF-781E-4D7E-AD5D-643DD499B923}"
EndProject
Project("{8BC9CEB8-8B4A-11D0-8D11-00A0C91BC942}") = "10871", "10871\10871.vcxproj", "{90AAEB13-E3A2-4E4E-9C55-1F473241F57E}"
EndProject
Global
	GlobalSection(SolutionConfigurationPlatforms) = preSolution
		Debug|x64 = Debug|x64
		Debug|x86 = Debug|x86
		Release|x64 = Release|x64
		Release|x86 = Release|x86
	EndGlobalSection
	GlobalSection(ProjectConfigurationPlatforms) = postSolution
		{CB2E53F7-FDD5-4C82-B0A1-6B35F208C546}.Debug|x64.ActiveCfg = Debug|x64
		{CB2E53F7-FDD5-4C82-B0A1-6B35F208C546}.Debug|x64.Build.0 = Debug|x64
		{CB2E53F7-FDD5-4C82-B0A1-6B35F208C546}.Debug|x86.ActiveCfg = Debug|Win32
		{CB2E53F7-FDD5-4C82-B0A1-6B35F208C546}.Debug|x86.Build.0 = Debug|Win32
		{CB2E53F7-FDD5-4C82-B0A1-6B35F208C546}.Release|x64.ActiveCfg = Release|x64
		{CB2E53F7-FDD5-4C82-B0A1-6B35F208C546}.Release|x64.Build.0 = Release|x64
		{CB2E53F7-FDD5-4C82-B0A1-6B35F208C546}.Release|x86.ActiveCfg = Release|Win32
		{CB2E53F7-FDD5-4C82-B0A1-6B35F208C546}.Release|x86.Build.0 = Release|Win32
		{DE9D34CC-4619-4579-A588-0E0CFEFA8C94}.Debug|x64.ActiveCfg = Debug|x64
		{DE9D34CC-4619-4579-A588-0E0CFEFA8C94}.Debug|x64.Build.0 = Debug|x64
		{DE9D34CC-4619-4579-A588-0E0CFEFA8C94}.Debug|x86.ActiveCfg = Debug|Win32
		{DE9D34CC-4619-4579-A588-0E0CFEFA8C94}.Debug|x86.Build.0 = Debug|Win32
		{DE9D34CC-4619-4579-A588-0E0CFEFA8C94}.Release|x64.ActiveCfg = Release|x64
		{DE9D34CC-4619-4579-A588-0E0CFEFA8C94}.Release|x64.Build.0 = Release|x64
		{DE9D34CC-4619-4579-A588-0E0CFEFA8C94}.Release|x86.ActiveCfg = Release|Win32
		{DE9D34CC-4619-4579-A588-0E0CFEFA8C94}.Release|x86.Build.0 = Release|Win32
		{576D6193-C3A5-4C10-8200-A934A0D54830}.Debug|x64.ActiveCfg = Debug|x64
		{576D6193-C3A5-4C10-8200-A934A0D54830}.Debug|x64.Build.0 = Debug|x64
		{576D6193-C3A5-4C10-8200-A934A0D54830}.Debug|x86.ActiveCfg = Debug|Win32
		{576D6193-C3A5-4C10-8200-A934A0D54830}.Debug|x86.Build.0 = Debug|Win32
		{576D6193-C3A5-4C10-8200-A934A0D54830}.Release|x64.ActiveCfg = Release|x64
		{576D6193-C3A5-4C10-8200-A934A0D54830}.Release|x64.Build.0 = Release|x64
		{576D6193-C3A5-4C10-8200-A934A0D54830}.Release|x86.ActiveCfg = Release|Win32
		{576D6193-C3A5-4C10-8200-A934A0D54830}.Release|x86.Build.0 = Release|Win32
		{333D52BA-B231-4E46-9FD9-C76302AEB189}.Debug|x64.ActiveCfg = Debug|x64
		{333D52BA-B231-4E46-9FD9-C76302AEB189}.Debug|x64.Build.0 = Debug|x64
		{333D52BA-B231-4E46-9FD9-C76302AEB189}.Debug|x86.ActiveCfg = Debug|Win32
		{333D52BA-B231-4E46-9FD9-C76302AEB189}.Debug|x86.Build.0 = Debug|Win32
		{333D52BA-B231-4E46-9FD9-C76302AEB189}.Release|x64.ActiveCfg = Release|x64
		{333D52BA-B231-4E46-9FD9-C76302AEB189}.Release|x64.Build.0 = Release|x64
		{333D52BA-B231-4E46-9FD9-C76302AEB189}.Release|x86.ActiveCfg = Release|Win32
		{333D52BA-B231-4E46-9FD9-C76302AEB189}.Release|x86.Build.0 = Release|Win32
		{FB17FAC6-FC8F-4B20-A0B7-4894F0CC1B8D}.Debug|x64.ActiveCfg = Debug|x64
		{FB17FAC6-FC8F-4B20-A0B7-4894F0CC1B8D}.Debug|x64.Build.0 = Debug|x64
		{FB17FAC6-FC8F-4B20-A0B7-4894F0CC1B8D}.Debug|x86.ActiveCfg = Debug|Win32
		{FB17FAC6-FC8F-4B20-A0B7-4894F0CC1B8D}.Debug|x86.Build.0 = Debug|Win32
		{FB17FAC6-FC8F-4B20-A0B7-4894F0CC1B8D}.Release|x64.ActiveCfg = Release|x64
		{FB17FAC6-FC8F-4B20-A0B7-4894F0CC1B8D}.Release|x64.Build.0 = Release|x64
		{FB17FAC6-FC8F-4B20-A0B7-4894F0CC1B8D}.Release|x86.ActiveCfg = Release|Win32
		{FB17FAC6-FC8F-4B20-A0B7-4894F0CC1B8D}.Release|x86.Build.0 = Release|Win32
		{E817A9D7-5E41-4DD3-A24D-CA1E6CBDA5F7}.Debug|x64.ActiveCfg = Debug|x64
		{E817A9D7-5E41-4DD3-A24D-CA1E6CBDA5F7}.Debug|x64.Build.0 = Debug|x64
		{E817A9D7-5E41-4DD3-A24D-CA1E6CBDA5F7}.Debug|x86.ActiveCfg = Debug|Win32
		{E817A9D7-5E41-4DD3-A24D-CA1E6CBDA5F7}.Debug|x86.Build.0 = Debug|Win32
		{E817A9D7-5E41-4DD3-A24D-CA1E6CBDA5F7}.Release|x64.ActiveCfg = Release|x64
		{E817A9D7-5E41-4DD3-A24D-CA1E6CBDA5F7}.Release|x64.Build.0 = Release|x64
		{E817A9D7-5E41-4DD3-A24D-CA1E6CBDA5F7}.Release|x86.ActiveCfg = Release|Win32
		{E817A9D7-5E41-4DD3-A24D-CA1E6CBDA5F7}.Release|x86.Build.0 = Release|Win32
		{D5C3E59D-A329-4C8E-9CA6-DDF9A72BB1D5}.Debug|x64.ActiveCfg = Debug|x64
		{D5C3E59D-A329-4C8E-9CA6-DDF9A72BB1D5}.Debug|x64.Build.0 = Debug|x64
		{D5C3E59D-A329-4C8E-9CA6-DDF9A72BB1D5}.Debug|x86.ActiveCfg = Debug|Win32
		{D5C3E59D-A329-4C8E-9CA6-DDF9A72BB1D5}.Debug|x86.Build.0 = Debug|Win32
		{D5C3E59D-A329-4C8E-9CA6-DDF9A72BB1D5}.Release|x64.ActiveCfg = Release|x64
		{D5C3E59D-A329-4C8E-9CA6-DDF9A72BB1D5}.Release|x64.Build.0 = Release|x64
		{D5C3E59D-A329-4C8E-9CA6-DDF9A72BB1D5}.Release|x86.ActiveCfg = Release|Win32
		{D5C3E59D-A329-4C8E-9CA6-DDF9A72BB1D5}.Release|x86.Build.0 = Release|Win32
		{7524AABF-781E-4D7E-AD5D-643DD499B923}.Debug|x64.ActiveCfg = Debug|x64
		{7524AABF-781E-4D7E-AD5D-643DD499B923}.Debug|x64.Build.0 = Debug|x64
		{7524AABF-781E-4D7E-AD5D-643DD499B923}.Debug|x86.ActiveCfg = Debug|Win32
		{7524AABF-781E-4D7E-AD5D-643DD499B923}.Debug|x86.Build.0 = Debug|Win32
		{7524AABF-781E-4D7E-AD5D-643DD499B923}.Release|x64.ActiveCfg = Release|x64
		{7524AABF-781E-4D7E-AD5D-643DD499B923}.Release|x64.Build.0 = Release|x64
		{7524AABF-781E-4D7E-AD5D-643DD499B923}.Release|x86.ActiveCfg = Release|Win32
		{7524AABF-781E-4D7E-AD5D-643DD499B923}.Release|x86.Build.0 = Release|Win32
		{90AAEB13-E3A2-4E4E-9C55-1F473241F57E}.Debug|x64.ActiveCfg = Debug|x64
		{90AAEB13-E3A2-4E4E-9C55-1F473241F57E}.Debug|x64.Build.0 = Debug|x64
		{90AAEB13-E3A2-4E4E-9C55-1F473241F57E}.Debug|x86.ActiveCfg = Debug|Win32
		{90AAEB13-E3A2-4E4E-9C55-1F473241F57E}.Debug|x86.Build.0 = Debug|Win32
		{90AAEB13-E3A2-4E4E-9C55-1F473241F57E}.Release|x64.ActiveCfg = Release|x64
		{90AAEB13-E3A2-4E4E-9C55-1F473241F57E}.Release|x64.Build.0 = Release|x64
		{90AAEB13-E3A2-4E4E-9C55-1F473241F57E}.Release|x86.ActiveCfg = Release|Win32
		{90AAEB13-E3A2-4E4E-9C55-1F473241F57E}.Release|x86.Build.0 = Release|Win32
	EndGlobalSection
	GlobalSection(SolutionProperties) = preSolution
		HideSolutionNode = FALSE
	EndGlobalSection
	GlobalSection(ExtensibilityGlobals) = postSolution
		SolutionGuid = {36E6EF55-1E41-4893-A2AA-3935369ADEA8}
	EndGlobalSection
EndGlobal
