
Microsoft Visual Studio Solution File, Format Version 12.00
# Visual Studio Version 16
VisualStudioVersion = 16.0.31025.194
MinimumVisualStudioVersion = 10.0.40219.1
Project("{8BC9CEB8-8B4A-11D0-8D11-00A0C91BC942}") = "10926", "10926\10926.vcxproj", "{053458C9-22BC-4630-9902-671B65F5B69A}"
EndProject
Global
	GlobalSection(SolutionConfigurationPlatforms) = preSolution
		Debug|x64 = Debug|x64
		Debug|x86 = Debug|x86
		Release|x64 = Release|x64
		Release|x86 = Release|x86
	EndGlobalSection
	GlobalSection(ProjectConfigurationPlatforms) = postSolution
		{053458C9-22BC-4630-9902-671B65F5B69A}.Debug|x64.ActiveCfg = Debug|x64
		{053458C9-22BC-4630-9902-671B65F5B69A}.Debug|x64.Build.0 = Debug|x64
		{053458C9-22BC-4630-9902-671B65F5B69A}.Debug|x86.ActiveCfg = Debug|Win32
		{053458C9-22BC-4630-9902-671B65F5B69A}.Debug|x86.Build.0 = Debug|Win32
		{053458C9-22BC-4630-9902-671B65F5B69A}.Release|x64.ActiveCfg = Release|x64
		{053458C9-22BC-4630-9902-671B65F5B69A}.Release|x64.Build.0 = Release|x64
		{053458C9-22BC-4630-9902-671B65F5B69A}.Release|x86.ActiveCfg = Release|Win32
		{053458C9-22BC-4630-9902-671B65F5B69A}.Release|x86.Build.0 = Release|Win32
	EndGlobalSection
	GlobalSection(SolutionProperties) = preSolution
		HideSolutionNode = FALSE
	EndGlobalSection
	GlobalSection(ExtensibilityGlobals) = postSolution
		SolutionGuid = {E95A4A57-0EFF-475F-9415-B73F7722D310}
	EndGlobalSection
EndGlobal
